
Microsoft Visual Studio Solution File, Format Version 12.00
# Visual Studio Version 17
VisualStudioVersion = 17.5.33627.172
MinimumVisualStudioVersion = 10.0.40219.1
Project("{FAE04EC0-301F-11D3-BF4B-00C04F79EFBC}") = "BulkyBookWeb", "BulkyBookWeb\BulkyBookWeb.csproj", "{B081857A-AA80-4C32-8C3A-D8A9C2F73AB8}"
EndProject
Global
	GlobalSection(SolutionConfigurationPlatforms) = preSolution
		Debug|Any CPU = Debug|Any CPU
		Release|Any CPU = Release|Any CPU
	EndGlobalSection
	GlobalSection(ProjectConfigurationPlatforms) = postSolution
		{B081857A-AA80-4C32-8C3A-D8A9C2F73AB8}.Debug|Any CPU.ActiveCfg = Debug|Any CPU
		{B081857A-AA80-4C32-8C3A-D8A9C2F73AB8}.Debug|Any CPU.Build.0 = Debug|Any CPU
		{B081857A-AA80-4C32-8C3A-D8A9C2F73AB8}.Release|Any CPU.ActiveCfg = Release|Any CPU
		{B081857A-AA80-4C32-8C3A-D8A9C2F73AB8}.Release|Any CPU.Build.0 = Release|Any CPU
	EndGlobalSection
	GlobalSection(SolutionProperties) = preSolution
		HideSolutionNode = FALSE
	EndGlobalSection
	GlobalSection(ExtensibilityGlobals) = postSolution
		SolutionGuid = {F11A9833-C590-456E-A417-432A9CF36CD2}
	EndGlobalSection
EndGlobal
